
Microsoft Visual Studio Solution File, Format Version 12.00
# Visual Studio 2012
Project("{FAE04EC0-301F-11D3-BF4B-00C04F79EFBC}") = "WeddingWeb", "SG\WeddingWeb.csproj", "{FB60BA62-3F32-46FC-8BE6-BCA07E1E31A5}"
EndProject
Project("{FAE04EC0-301F-11D3-BF4B-00C04F79EFBC}") = "ShootWeb", "ShootWeb\ShootWeb.csproj", "{156FE14B-AAA7-4A35-93FC-EBE26AD58F86}"
EndProject
Global
	GlobalSection(SolutionConfigurationPlatforms) = preSolution
		Debug|Any CPU = Debug|Any CPU
		Release|Any CPU = Release|Any CPU
	EndGlobalSection
	GlobalSection(ProjectConfigurationPlatforms) = postSolution
		{FB60BA62-3F32-46FC-8BE6-BCA07E1E31A5}.Debug|Any CPU.ActiveCfg = Debug|Any CPU
		{FB60BA62-3F32-46FC-8BE6-BCA07E1E31A5}.Debug|Any CPU.Build.0 = Debug|Any CPU
		{FB60BA62-3F32-46FC-8BE6-BCA07E1E31A5}.Release|Any CPU.ActiveCfg = Release|Any CPU
		{FB60BA62-3F32-46FC-8BE6-BCA07E1E31A5}.Release|Any CPU.Build.0 = Release|Any CPU
		{156FE14B-AAA7-4A35-93FC-EBE26AD58F86}.Debug|Any CPU.ActiveCfg = Debug|Any CPU
		{156FE14B-AAA7-4A35-93FC-EBE26AD58F86}.Debug|Any CPU.Build.0 = Debug|Any CPU
		{156FE14B-AAA7-4A35-93FC-EBE26AD58F86}.Release|Any CPU.ActiveCfg = Release|Any CPU
		{156FE14B-AAA7-4A35-93FC-EBE26AD58F86}.Release|Any CPU.Build.0 = Release|Any CPU
	EndGlobalSection
	GlobalSection(SolutionProperties) = preSolution
		HideSolutionNode = FALSE
	EndGlobalSection
EndGlobal
